
Microsoft Visual Studio Solution File, Format Version 12.00
# Visual Studio Express 2012 for Windows Desktop
Project("{FAE04EC0-301F-11D3-BF4B-00C04F79EFBC}") = "01. Declare Variables", "ConsoleApplication1\01. Declare Variables.csproj", "{BD6E8378-89E2-46BA-9BA2-EEBB2E2E1A6E}"
EndProject
Project("{FAE04EC0-301F-11D3-BF4B-00C04F79EFBC}") = "02. Float or Double", "ConsoleApplication2\02. Float or Double.csproj", "{B43C977E-FFFB-4423-8E14-6FCFF7AAF241}"
EndProject
Project("{FAE04EC0-301F-11D3-BF4B-00C04F79EFBC}") = "03. Variable in Hexadecimal Format", "ConsoleApplication3\03. Variable in Hexadecimal Format.csproj", "{6C64FBC5-1446-40ED-B403-18ADF0BCF3E5}"
EndProject
Project("{FAE04EC0-301F-11D3-BF4B-00C04F79EFBC}") = "04. Unicode Character", "ConsoleApplication4\04. Unicode Character.csproj", "{76CF3876-DD9B-443E-AFD1-9EAAFFFCEDF4}"
EndProject
Project("{FAE04EC0-301F-11D3-BF4B-00C04F79EFBC}") = "05. Boolean Variable", "ConsoleApplication5\05. Boolean Variable.csproj", "{BF081EBB-B1F7-4E0F-9767-CF41176B6339}"
EndProject
Global
	GlobalSection(SolutionConfigurationPlatforms) = preSolution
		Debug|Any CPU = Debug|Any CPU
		Release|Any CPU = Release|Any CPU
	EndGlobalSection
	GlobalSection(ProjectConfigurationPlatforms) = postSolution
		{BD6E8378-89E2-46BA-9BA2-EEBB2E2E1A6E}.Debug|Any CPU.ActiveCfg = Debug|Any CPU
		{BD6E8378-89E2-46BA-9BA2-EEBB2E2E1A6E}.Debug|Any CPU.Build.0 = Debug|Any CPU
		{BD6E8378-89E2-46BA-9BA2-EEBB2E2E1A6E}.Release|Any CPU.ActiveCfg = Release|Any CPU
		{BD6E8378-89E2-46BA-9BA2-EEBB2E2E1A6E}.Release|Any CPU.Build.0 = Release|Any CPU
		{B43C977E-FFFB-4423-8E14-6FCFF7AAF241}.Debug|Any CPU.ActiveCfg = Debug|Any CPU
		{B43C977E-FFFB-4423-8E14-6FCFF7AAF241}.Debug|Any CPU.Build.0 = Debug|Any CPU
		{B43C977E-FFFB-4423-8E14-6FCFF7AAF241}.Release|Any CPU.ActiveCfg = Release|Any CPU
		{B43C977E-FFFB-4423-8E14-6FCFF7AAF241}.Release|Any CPU.Build.0 = Release|Any CPU
		{6C64FBC5-1446-40ED-B403-18ADF0BCF3E5}.Debug|Any CPU.ActiveCfg = Debug|Any CPU
		{6C64FBC5-1446-40ED-B403-18ADF0BCF3E5}.Debug|Any CPU.Build.0 = Debug|Any CPU
		{6C64FBC5-1446-40ED-B403-18ADF0BCF3E5}.Release|Any CPU.ActiveCfg = Release|Any CPU
		{6C64FBC5-1446-40ED-B403-18ADF0BCF3E5}.Release|Any CPU.Build.0 = Release|Any CPU
		{76CF3876-DD9B-443E-AFD1-9EAAFFFCEDF4}.Debug|Any CPU.ActiveCfg = Debug|Any CPU
		{76CF3876-DD9B-443E-AFD1-9EAAFFFCEDF4}.Debug|Any CPU.Build.0 = Debug|Any CPU
		{76CF3876-DD9B-443E-AFD1-9EAAFFFCEDF4}.Release|Any CPU.ActiveCfg = Release|Any CPU
		{76CF3876-DD9B-443E-AFD1-9EAAFFFCEDF4}.Release|Any CPU.Build.0 = Release|Any CPU
		{BF081EBB-B1F7-4E0F-9767-CF41176B6339}.Debug|Any CPU.ActiveCfg = Debug|Any CPU
		{BF081EBB-B1F7-4E0F-9767-CF41176B6339}.Debug|Any CPU.Build.0 = Debug|Any CPU
		{BF081EBB-B1F7-4E0F-9767-CF41176B6339}.Release|Any CPU.ActiveCfg = Release|Any CPU
		{BF081EBB-B1F7-4E0F-9767-CF41176B6339}.Release|Any CPU.Build.0 = Release|Any CPU
	EndGlobalSection
	GlobalSection(SolutionProperties) = preSolution
		HideSolutionNode = FALSE
	EndGlobalSection
EndGlobal
